
Microsoft Visual Studio Solution File, Format Version 12.00
# Visual Studio Version 17
VisualStudioVersion = 17.13.35806.99 d17.13
MinimumVisualStudioVersion = 10.0.40219.1
Project("{8BC9CEB8-8B4A-11D0-8D11-00A0C91BC942}") = "Application", "Application\Application.vcxproj", "{41876307-8073-405E-98FD-BDCF2A341F7F}"
EndProject
Project("{8BC9CEB8-8B4A-11D0-8D11-00A0C91BC942}") = "Date", "Date\Date.vcxproj", "{839B1B69-B0D8-45CD-B783-E3A577365FC1}"
EndProject
Project("{8BC9CEB8-8B4A-11D0-8D11-00A0C91BC942}") = "User", "User\User.vcxproj", "{42764901-F37D-49B6-9438-3CDF8F9F8A52}"
EndProject
Project("{8BC9CEB8-8B4A-11D0-8D11-00A0C91BC942}") = "Time", "Time\Time.vcxproj", "{66B38BC6-E34A-4E37-A3FF-0B7B5AC857FB}"
EndProject
Project("{8BC9CEB8-8B4A-11D0-8D11-00A0C91BC942}") = "Song", "Song\Song.vcxproj", "{0D9A427F-E78A-4D30-AAB5-D88944412CEE}"
EndProject
Project("{8BC9CEB8-8B4A-11D0-8D11-00A0C91BC942}") = "Playlist", "Playlist\Playlist.vcxproj", "{6AAC4C36-3068-41B7-8078-48F8259156EA}"
EndProject
Global
	GlobalSection(SolutionConfigurationPlatforms) = preSolution
		Debug|x64 = Debug|x64
		Debug|x86 = Debug|x86
		Release|x64 = Release|x64
		Release|x86 = Release|x86
	EndGlobalSection
	GlobalSection(ProjectConfigurationPlatforms) = postSolution
		{41876307-8073-405E-98FD-BDCF2A341F7F}.Debug|x64.ActiveCfg = Debug|x64
		{41876307-8073-405E-98FD-BDCF2A341F7F}.Debug|x64.Build.0 = Debug|x64
		{41876307-8073-405E-98FD-BDCF2A341F7F}.Debug|x86.ActiveCfg = Debug|Win32
		{41876307-8073-405E-98FD-BDCF2A341F7F}.Debug|x86.Build.0 = Debug|Win32
		{41876307-8073-405E-98FD-BDCF2A341F7F}.Release|x64.ActiveCfg = Release|x64
		{41876307-8073-405E-98FD-BDCF2A341F7F}.Release|x64.Build.0 = Release|x64
		{41876307-8073-405E-98FD-BDCF2A341F7F}.Release|x86.ActiveCfg = Release|Win32
		{41876307-8073-405E-98FD-BDCF2A341F7F}.Release|x86.Build.0 = Release|Win32
		{839B1B69-B0D8-45CD-B783-E3A577365FC1}.Debug|x64.ActiveCfg = Debug|x64
		{839B1B69-B0D8-45CD-B783-E3A577365FC1}.Debug|x64.Build.0 = Debug|x64
		{839B1B69-B0D8-45CD-B783-E3A577365FC1}.Debug|x86.ActiveCfg = Debug|Win32
		{839B1B69-B0D8-45CD-B783-E3A577365FC1}.Debug|x86.Build.0 = Debug|Win32
		{839B1B69-B0D8-45CD-B783-E3A577365FC1}.Release|x64.ActiveCfg = Release|x64
		{839B1B69-B0D8-45CD-B783-E3A577365FC1}.Release|x64.Build.0 = Release|x64
		{839B1B69-B0D8-45CD-B783-E3A577365FC1}.Release|x86.ActiveCfg = Release|Win32
		{839B1B69-B0D8-45CD-B783-E3A577365FC1}.Release|x86.Build.0 = Release|Win32
		{42764901-F37D-49B6-9438-3CDF8F9F8A52}.Debug|x64.ActiveCfg = Debug|x64
		{42764901-F37D-49B6-9438-3CDF8F9F8A52}.Debug|x64.Build.0 = Debug|x64
		{42764901-F37D-49B6-9438-3CDF8F9F8A52}.Debug|x86.ActiveCfg = Debug|Win32
		{42764901-F37D-49B6-9438-3CDF8F9F8A52}.Debug|x86.Build.0 = Debug|Win32
		{42764901-F37D-49B6-9438-3CDF8F9F8A52}.Release|x64.ActiveCfg = Release|x64
		{42764901-F37D-49B6-9438-3CDF8F9F8A52}.Release|x64.Build.0 = Release|x64
		{42764901-F37D-49B6-9438-3CDF8F9F8A52}.Release|x86.ActiveCfg = Release|Win32
		{42764901-F37D-49B6-9438-3CDF8F9F8A52}.Release|x86.Build.0 = Release|Win32
		{66B38BC6-E34A-4E37-A3FF-0B7B5AC857FB}.Debug|x64.ActiveCfg = Debug|x64
		{66B38BC6-E34A-4E37-A3FF-0B7B5AC857FB}.Debug|x64.Build.0 = Debug|x64
		{66B38BC6-E34A-4E37-A3FF-0B7B5AC857FB}.Debug|x86.ActiveCfg = Debug|Win32
		{66B38BC6-E34A-4E37-A3FF-0B7B5AC857FB}.Debug|x86.Build.0 = Debug|Win32
		{66B38BC6-E34A-4E37-A3FF-0B7B5AC857FB}.Release|x64.ActiveCfg = Release|x64
		{66B38BC6-E34A-4E37-A3FF-0B7B5AC857FB}.Release|x64.Build.0 = Release|x64
		{66B38BC6-E34A-4E37-A3FF-0B7B5AC857FB}.Release|x86.ActiveCfg = Release|Win32
		{66B38BC6-E34A-4E37-A3FF-0B7B5AC857FB}.Release|x86.Build.0 = Release|Win32
		{0D9A427F-E78A-4D30-AAB5-D88944412CEE}.Debug|x64.ActiveCfg = Debug|x64
		{0D9A427F-E78A-4D30-AAB5-D88944412CEE}.Debug|x64.Build.0 = Debug|x64
		{0D9A427F-E78A-4D30-AAB5-D88944412CEE}.Debug|x86.ActiveCfg = Debug|Win32
		{0D9A427F-E78A-4D30-AAB5-D88944412CEE}.Debug|x86.Build.0 = Debug|Win32
		{0D9A427F-E78A-4D30-AAB5-D88944412CEE}.Release|x64.ActiveCfg = Release|x64
		{0D9A427F-E78A-4D30-AAB5-D88944412CEE}.Release|x64.Build.0 = Release|x64
		{0D9A427F-E78A-4D30-AAB5-D88944412CEE}.Release|x86.ActiveCfg = Release|Win32
		{0D9A427F-E78A-4D30-AAB5-D88944412CEE}.Release|x86.Build.0 = Release|Win32
		{6AAC4C36-3068-41B7-8078-48F8259156EA}.Debug|x64.ActiveCfg = Debug|x64
		{6AAC4C36-3068-41B7-8078-48F8259156EA}.Debug|x64.Build.0 = Debug|x64
		{6AAC4C36-3068-41B7-8078-48F8259156EA}.Debug|x86.ActiveCfg = Debug|Win32
		{6AAC4C36-3068-41B7-8078-48F8259156EA}.Debug|x86.Build.0 = Debug|Win32
		{6AAC4C36-3068-41B7-8078-48F8259156EA}.Release|x64.ActiveCfg = Release|x64
		{6AAC4C36-3068-41B7-8078-48F8259156EA}.Release|x64.Build.0 = Release|x64
		{6AAC4C36-3068-41B7-8078-48F8259156EA}.Release|x86.ActiveCfg = Release|Win32
		{6AAC4C36-3068-41B7-8078-48F8259156EA}.Release|x86.Build.0 = Release|Win32
	EndGlobalSection
	GlobalSection(SolutionProperties) = preSolution
		HideSolutionNode = FALSE
	EndGlobalSection
	GlobalSection(ExtensibilityGlobals) = postSolution
		SolutionGuid = {03C6EA84-4119-4AD6-9AA3-808A9C6CEEB2}
	EndGlobalSection
EndGlobal
