
Microsoft Visual Studio Solution File, Format Version 12.00
# Visual Studio Version 17
VisualStudioVersion = 17.13.35806.99 d17.13
MinimumVisualStudioVersion = 10.0.40219.1
Project("{8BC9CEB8-8B4A-11D0-8D11-00A0C91BC942}") = "Platforms", "Platforms.vcxproj", "{DFE32717-0B46-4E9D-B4F0-ADC83EF14F0F}"
EndProject
Project("{8BC9CEB8-8B4A-11D0-8D11-00A0C91BC942}") = "Date", "..\Date\Date.vcxproj", "{C0C11C74-9B5B-4079-85BC-67472A296F1D}"
EndProject
Project("{8BC9CEB8-8B4A-11D0-8D11-00A0C91BC942}") = "Time", "..\Time\Time.vcxproj", "{BF253DC9-9F70-426A-AF9C-20A586CA92BB}"
EndProject
Project("{8BC9CEB8-8B4A-11D0-8D11-00A0C91BC942}") = "Song", "..\Song\Song.vcxproj", "{D14AC13A-B76F-4A44-98DC-CC409FC2FAB5}"
EndProject
Project("{8BC9CEB8-8B4A-11D0-8D11-00A0C91BC942}") = "Playlist", "..\Playlist\Playlist.vcxproj", "{C7827B30-8E95-4697-A8FB-CDE6562B4A55}"
EndProject
Project("{8BC9CEB8-8B4A-11D0-8D11-00A0C91BC942}") = "User", "..\User\User.vcxproj", "{FD78D273-ED3A-43A1-9BFA-A63BEFF42944}"
EndProject
Global
	GlobalSection(SolutionConfigurationPlatforms) = preSolution
		Debug|x64 = Debug|x64
		Debug|x86 = Debug|x86
		Release|x64 = Release|x64
		Release|x86 = Release|x86
	EndGlobalSection
	GlobalSection(ProjectConfigurationPlatforms) = postSolution
		{DFE32717-0B46-4E9D-B4F0-ADC83EF14F0F}.Debug|x64.ActiveCfg = Debug|x64
		{DFE32717-0B46-4E9D-B4F0-ADC83EF14F0F}.Debug|x64.Build.0 = Debug|x64
		{DFE32717-0B46-4E9D-B4F0-ADC83EF14F0F}.Debug|x86.ActiveCfg = Debug|Win32
		{DFE32717-0B46-4E9D-B4F0-ADC83EF14F0F}.Debug|x86.Build.0 = Debug|Win32
		{DFE32717-0B46-4E9D-B4F0-ADC83EF14F0F}.Release|x64.ActiveCfg = Release|x64
		{DFE32717-0B46-4E9D-B4F0-ADC83EF14F0F}.Release|x64.Build.0 = Release|x64
		{DFE32717-0B46-4E9D-B4F0-ADC83EF14F0F}.Release|x86.ActiveCfg = Release|Win32
		{DFE32717-0B46-4E9D-B4F0-ADC83EF14F0F}.Release|x86.Build.0 = Release|Win32
		{C0C11C74-9B5B-4079-85BC-67472A296F1D}.Debug|x64.ActiveCfg = Debug|x64
		{C0C11C74-9B5B-4079-85BC-67472A296F1D}.Debug|x64.Build.0 = Debug|x64
		{C0C11C74-9B5B-4079-85BC-67472A296F1D}.Debug|x86.ActiveCfg = Debug|Win32
		{C0C11C74-9B5B-4079-85BC-67472A296F1D}.Debug|x86.Build.0 = Debug|Win32
		{C0C11C74-9B5B-4079-85BC-67472A296F1D}.Release|x64.ActiveCfg = Release|x64
		{C0C11C74-9B5B-4079-85BC-67472A296F1D}.Release|x64.Build.0 = Release|x64
		{C0C11C74-9B5B-4079-85BC-67472A296F1D}.Release|x86.ActiveCfg = Release|Win32
		{C0C11C74-9B5B-4079-85BC-67472A296F1D}.Release|x86.Build.0 = Release|Win32
		{BF253DC9-9F70-426A-AF9C-20A586CA92BB}.Debug|x64.ActiveCfg = Debug|x64
		{BF253DC9-9F70-426A-AF9C-20A586CA92BB}.Debug|x64.Build.0 = Debug|x64
		{BF253DC9-9F70-426A-AF9C-20A586CA92BB}.Debug|x86.ActiveCfg = Debug|Win32
		{BF253DC9-9F70-426A-AF9C-20A586CA92BB}.Debug|x86.Build.0 = Debug|Win32
		{BF253DC9-9F70-426A-AF9C-20A586CA92BB}.Release|x64.ActiveCfg = Release|x64
		{BF253DC9-9F70-426A-AF9C-20A586CA92BB}.Release|x64.Build.0 = Release|x64
		{BF253DC9-9F70-426A-AF9C-20A586CA92BB}.Release|x86.ActiveCfg = Release|Win32
		{BF253DC9-9F70-426A-AF9C-20A586CA92BB}.Release|x86.Build.0 = Release|Win32
		{D14AC13A-B76F-4A44-98DC-CC409FC2FAB5}.Debug|x64.ActiveCfg = Debug|x64
		{D14AC13A-B76F-4A44-98DC-CC409FC2FAB5}.Debug|x64.Build.0 = Debug|x64
		{D14AC13A-B76F-4A44-98DC-CC409FC2FAB5}.Debug|x86.ActiveCfg = Debug|Win32
		{D14AC13A-B76F-4A44-98DC-CC409FC2FAB5}.Debug|x86.Build.0 = Debug|Win32
		{D14AC13A-B76F-4A44-98DC-CC409FC2FAB5}.Release|x64.ActiveCfg = Release|x64
		{D14AC13A-B76F-4A44-98DC-CC409FC2FAB5}.Release|x64.Build.0 = Release|x64
		{D14AC13A-B76F-4A44-98DC-CC409FC2FAB5}.Release|x86.ActiveCfg = Release|Win32
		{D14AC13A-B76F-4A44-98DC-CC409FC2FAB5}.Release|x86.Build.0 = Release|Win32
		{C7827B30-8E95-4697-A8FB-CDE6562B4A55}.Debug|x64.ActiveCfg = Debug|x64
		{C7827B30-8E95-4697-A8FB-CDE6562B4A55}.Debug|x64.Build.0 = Debug|x64
		{C7827B30-8E95-4697-A8FB-CDE6562B4A55}.Debug|x86.ActiveCfg = Debug|Win32
		{C7827B30-8E95-4697-A8FB-CDE6562B4A55}.Debug|x86.Build.0 = Debug|Win32
		{C7827B30-8E95-4697-A8FB-CDE6562B4A55}.Release|x64.ActiveCfg = Release|x64
		{C7827B30-8E95-4697-A8FB-CDE6562B4A55}.Release|x64.Build.0 = Release|x64
		{C7827B30-8E95-4697-A8FB-CDE6562B4A55}.Release|x86.ActiveCfg = Release|Win32
		{C7827B30-8E95-4697-A8FB-CDE6562B4A55}.Release|x86.Build.0 = Release|Win32
		{FD78D273-ED3A-43A1-9BFA-A63BEFF42944}.Debug|x64.ActiveCfg = Debug|x64
		{FD78D273-ED3A-43A1-9BFA-A63BEFF42944}.Debug|x64.Build.0 = Debug|x64
		{FD78D273-ED3A-43A1-9BFA-A63BEFF42944}.Debug|x86.ActiveCfg = Debug|Win32
		{FD78D273-ED3A-43A1-9BFA-A63BEFF42944}.Debug|x86.Build.0 = Debug|Win32
		{FD78D273-ED3A-43A1-9BFA-A63BEFF42944}.Release|x64.ActiveCfg = Release|x64
		{FD78D273-ED3A-43A1-9BFA-A63BEFF42944}.Release|x64.Build.0 = Release|x64
		{FD78D273-ED3A-43A1-9BFA-A63BEFF42944}.Release|x86.ActiveCfg = Release|Win32
		{FD78D273-ED3A-43A1-9BFA-A63BEFF42944}.Release|x86.Build.0 = Release|Win32
	EndGlobalSection
	GlobalSection(SolutionProperties) = preSolution
		HideSolutionNode = FALSE
	EndGlobalSection
	GlobalSection(ExtensibilityGlobals) = postSolution
		SolutionGuid = {ED5918D9-0703-4F70-BA33-538123F621C2}
	EndGlobalSection
EndGlobal
